
Microsoft Visual Studio Solution File, Format Version 12.00
# Visual Studio Version 16
VisualStudioVersion = 16.0.30517.126
MinimumVisualStudioVersion = 10.0.40219.1
Project("{FAE04EC0-301F-11D3-BF4B-00C04F79EFBC}") = "Fibonacci1", "Fibonacci1\Fibonacci1.csproj", "{7352945B-8FAE-4594-A3C4-263BCB396DF6}"
EndProject
Project("{FAE04EC0-301F-11D3-BF4B-00C04F79EFBC}") = "UnitTestProject", "UnitTestProject\UnitTestProject.csproj", "{27D80123-4EDA-4C3B-8891-8B594F34E6A8}"
EndProject
Global
	GlobalSection(SolutionConfigurationPlatforms) = preSolution
		Debug|Any CPU = Debug|Any CPU
		Release|Any CPU = Release|Any CPU
	EndGlobalSection
	GlobalSection(ProjectConfigurationPlatforms) = postSolution
		{7352945B-8FAE-4594-A3C4-263BCB396DF6}.Debug|Any CPU.ActiveCfg = Debug|Any CPU
		{7352945B-8FAE-4594-A3C4-263BCB396DF6}.Debug|Any CPU.Build.0 = Debug|Any CPU
		{7352945B-8FAE-4594-A3C4-263BCB396DF6}.Release|Any CPU.ActiveCfg = Release|Any CPU
		{7352945B-8FAE-4594-A3C4-263BCB396DF6}.Release|Any CPU.Build.0 = Release|Any CPU
		{27D80123-4EDA-4C3B-8891-8B594F34E6A8}.Debug|Any CPU.ActiveCfg = Debug|Any CPU
		{27D80123-4EDA-4C3B-8891-8B594F34E6A8}.Debug|Any CPU.Build.0 = Debug|Any CPU
		{27D80123-4EDA-4C3B-8891-8B594F34E6A8}.Release|Any CPU.ActiveCfg = Release|Any CPU
		{27D80123-4EDA-4C3B-8891-8B594F34E6A8}.Release|Any CPU.Build.0 = Release|Any CPU
	EndGlobalSection
	GlobalSection(SolutionProperties) = preSolution
		HideSolutionNode = FALSE
	EndGlobalSection
	GlobalSection(ExtensibilityGlobals) = postSolution
		SolutionGuid = {62B66377-C0DB-4482-A72B-5B29DC2D8268}
	EndGlobalSection
EndGlobal
